
Microsoft Visual Studio Solution File, Format Version 12.00
# Visual Studio 15
VisualStudioVersion = 15.0.26228.10
MinimumVisualStudioVersion = 10.0.40219.1
Project("{FAE04EC0-301F-11D3-BF4B-00C04F79EFBC}") = "FotoApp", "FotoApp\FotoApp.csproj", "{AD620C7A-A0FB-41AE-888A-5FB7A11213F3}"
EndProject
Project("{FAE04EC0-301F-11D3-BF4B-00C04F79EFBC}") = "FotoAppDB", "FotoAppDB\FotoAppDB.csproj", "{38E36ACA-5C3C-429E-BF25-6AA80BD6C780}"
EndProject
Project("{FAE04EC0-301F-11D3-BF4B-00C04F79EFBC}") = "FotoAppDBTest", "FotoAppDBTest\FotoAppDBTest.csproj", "{A5CBDF44-60B2-41DA-BE10-B1C8BF294514}"
EndProject
Project("{FAE04EC0-301F-11D3-BF4B-00C04F79EFBC}") = "FotoAppTest", "FotoAppTest\FotoAppTest.csproj", "{274BE747-F363-4315-AE80-16E44CE252BA}"
EndProject
Global
	GlobalSection(SolutionConfigurationPlatforms) = preSolution
		Debug|Any CPU = Debug|Any CPU
		Release|Any CPU = Release|Any CPU
	EndGlobalSection
	GlobalSection(ProjectConfigurationPlatforms) = postSolution
		{AD620C7A-A0FB-41AE-888A-5FB7A11213F3}.Debug|Any CPU.ActiveCfg = Debug|Any CPU
		{AD620C7A-A0FB-41AE-888A-5FB7A11213F3}.Debug|Any CPU.Build.0 = Debug|Any CPU
		{AD620C7A-A0FB-41AE-888A-5FB7A11213F3}.Release|Any CPU.ActiveCfg = Release|Any CPU
		{AD620C7A-A0FB-41AE-888A-5FB7A11213F3}.Release|Any CPU.Build.0 = Release|Any CPU
		{38E36ACA-5C3C-429E-BF25-6AA80BD6C780}.Debug|Any CPU.ActiveCfg = Debug|Any CPU
		{38E36ACA-5C3C-429E-BF25-6AA80BD6C780}.Debug|Any CPU.Build.0 = Debug|Any CPU
		{38E36ACA-5C3C-429E-BF25-6AA80BD6C780}.Release|Any CPU.ActiveCfg = Release|Any CPU
		{38E36ACA-5C3C-429E-BF25-6AA80BD6C780}.Release|Any CPU.Build.0 = Release|Any CPU
		{A5CBDF44-60B2-41DA-BE10-B1C8BF294514}.Debug|Any CPU.ActiveCfg = Debug|Any CPU
		{A5CBDF44-60B2-41DA-BE10-B1C8BF294514}.Debug|Any CPU.Build.0 = Debug|Any CPU
		{A5CBDF44-60B2-41DA-BE10-B1C8BF294514}.Release|Any CPU.ActiveCfg = Release|Any CPU
		{A5CBDF44-60B2-41DA-BE10-B1C8BF294514}.Release|Any CPU.Build.0 = Release|Any CPU
		{274BE747-F363-4315-AE80-16E44CE252BA}.Debug|Any CPU.ActiveCfg = Debug|Any CPU
		{274BE747-F363-4315-AE80-16E44CE252BA}.Debug|Any CPU.Build.0 = Debug|Any CPU
		{274BE747-F363-4315-AE80-16E44CE252BA}.Release|Any CPU.ActiveCfg = Release|Any CPU
		{274BE747-F363-4315-AE80-16E44CE252BA}.Release|Any CPU.Build.0 = Release|Any CPU
	EndGlobalSection
	GlobalSection(SolutionProperties) = preSolution
		HideSolutionNode = FALSE
	EndGlobalSection
EndGlobal
